{
  "name": "website-builder",
  "version": "0.1.0",
  "lockfileVersion": 3,
  "requires": true,
  "packages": {
    "": {
      "name": "website-builder",
      "version": "0.1.0",
      "workspaces": [
        "apps/*",
        "packages/*"
      ],
      "devDependencies": {
        "typescript": "^5.9.2"
      }
    },
    "apps/web": {
      "version": "0.1.0",
      "dependencies": {
        "next": "^15.5.0",
        "react": "^19.1.0",
        "react-dom": "^19.1.0"
      },
      "devDependencies": {
        "@types/node": "^22.15.0",
        "@types/react": "^19.1.0",
        "@types/react-dom": "^19.1.0",
        "eslint": "^9.35.0",
        "eslint-config-next": "^15.5.0",
        "typescript": "^5.9.2"
      }
    },
    "packages/types": {
      "version": "0.1.0"
    },
    "packages/ui": {
      "version": "0.1.0"
    }
  }
}
